
Microsoft Visual Studio Solution File, Format Version 12.00
# Visual Studio 15
VisualStudioVersion = 15.0.28307.421
MinimumVisualStudioVersion = 10.0.40219.1
Project("{FAE04EC0-301F-11D3-BF4B-00C04F79EFBC}") = "UI", "积分兑换小程序\UI.csproj", "{6188397F-93DF-43F2-9C7B-BB3D712B7A7A}"
EndProject
Project("{FAE04EC0-301F-11D3-BF4B-00C04F79EFBC}") = "BLL", "BLL\BLL.csproj", "{796C4702-8249-432F-A495-EF33C9F1A9E2}"
EndProject
Project("{FAE04EC0-301F-11D3-BF4B-00C04F79EFBC}") = "DAL", "DAL\DAL.csproj", "{E2BF0C82-99DD-4EAC-A0C3-F1C4B491072B}"
EndProject
Project("{FAE04EC0-301F-11D3-BF4B-00C04F79EFBC}") = "MODEL", "MODEL\MODEL.csproj", "{CE8252EB-BCD3-46B8-8336-47257EA8F396}"
EndProject
Global
	GlobalSection(SolutionConfigurationPlatforms) = preSolution
		Debug|Any CPU = Debug|Any CPU
		Release|Any CPU = Release|Any CPU
	EndGlobalSection
	GlobalSection(ProjectConfigurationPlatforms) = postSolution
		{6188397F-93DF-43F2-9C7B-BB3D712B7A7A}.Debug|Any CPU.ActiveCfg = Debug|Any CPU
		{6188397F-93DF-43F2-9C7B-BB3D712B7A7A}.Debug|Any CPU.Build.0 = Debug|Any CPU
		{6188397F-93DF-43F2-9C7B-BB3D712B7A7A}.Release|Any CPU.ActiveCfg = Release|Any CPU
		{6188397F-93DF-43F2-9C7B-BB3D712B7A7A}.Release|Any CPU.Build.0 = Release|Any CPU
		{796C4702-8249-432F-A495-EF33C9F1A9E2}.Debug|Any CPU.ActiveCfg = Debug|Any CPU
		{796C4702-8249-432F-A495-EF33C9F1A9E2}.Debug|Any CPU.Build.0 = Debug|Any CPU
		{796C4702-8249-432F-A495-EF33C9F1A9E2}.Release|Any CPU.ActiveCfg = Release|Any CPU
		{796C4702-8249-432F-A495-EF33C9F1A9E2}.Release|Any CPU.Build.0 = Release|Any CPU
		{E2BF0C82-99DD-4EAC-A0C3-F1C4B491072B}.Debug|Any CPU.ActiveCfg = Debug|Any CPU
		{E2BF0C82-99DD-4EAC-A0C3-F1C4B491072B}.Debug|Any CPU.Build.0 = Debug|Any CPU
		{E2BF0C82-99DD-4EAC-A0C3-F1C4B491072B}.Release|Any CPU.ActiveCfg = Release|Any CPU
		{E2BF0C82-99DD-4EAC-A0C3-F1C4B491072B}.Release|Any CPU.Build.0 = Release|Any CPU
		{CE8252EB-BCD3-46B8-8336-47257EA8F396}.Debug|Any CPU.ActiveCfg = Debug|Any CPU
		{CE8252EB-BCD3-46B8-8336-47257EA8F396}.Debug|Any CPU.Build.0 = Debug|Any CPU
		{CE8252EB-BCD3-46B8-8336-47257EA8F396}.Release|Any CPU.ActiveCfg = Release|Any CPU
		{CE8252EB-BCD3-46B8-8336-47257EA8F396}.Release|Any CPU.Build.0 = Release|Any CPU
	EndGlobalSection
	GlobalSection(SolutionProperties) = preSolution
		HideSolutionNode = FALSE
	EndGlobalSection
	GlobalSection(ExtensibilityGlobals) = postSolution
		SolutionGuid = {E315A270-A1E9-4B23-857E-9588000A780C}
	EndGlobalSection
EndGlobal
